
Microsoft Visual Studio Solution File, Format Version 12.00
# Visual Studio 15
VisualStudioVersion = 15.0.26730.16
MinimumVisualStudioVersion = 10.0.40219.1
Project("{9A19103F-16F7-4668-BE54-9A1E7A4F7556}") = "AdventOfCode18.Day01", "src\AdventOfCode18.Day01\AdventOfCode18.Day01.csproj", "{38A6709B-D985-4275-B40B-BA7B12F15139}"
EndProject
Global
	GlobalSection(SolutionConfigurationPlatforms) = preSolution
		Debug|Any CPU = Debug|Any CPU
		Release|Any CPU = Release|Any CPU
	EndGlobalSection
	GlobalSection(ProjectConfigurationPlatforms) = postSolution
		{38A6709B-D985-4275-B40B-BA7B12F15139}.Debug|Any CPU.ActiveCfg = Debug|Any CPU
		{38A6709B-D985-4275-B40B-BA7B12F15139}.Debug|Any CPU.Build.0 = Debug|Any CPU
		{38A6709B-D985-4275-B40B-BA7B12F15139}.Release|Any CPU.ActiveCfg = Release|Any CPU
		{38A6709B-D985-4275-B40B-BA7B12F15139}.Release|Any CPU.Build.0 = Release|Any CPU
	EndGlobalSection
	GlobalSection(SolutionProperties) = preSolution
		HideSolutionNode = FALSE
	EndGlobalSection
	GlobalSection(ExtensibilityGlobals) = postSolution
		SolutionGuid = {1A20D1B8-06ED-4769-8FEF-F27174B4DE90}
	EndGlobalSection
EndGlobal
